
Microsoft Visual Studio Solution File, Format Version 12.00
# Visual Studio Version 17
VisualStudioVersion = 17.0.31611.283
MinimumVisualStudioVersion = 10.0.40219.1
Project("{FAE04EC0-301F-11D3-BF4B-00C04F79EFBC}") = "MauiSampleApp", "MauiSampleApp\MauiSampleApp.csproj", "{9833B5F9-3DA1-4463-B861-1D5D870041FF}"
EndProject
Global
	GlobalSection(SolutionConfigurationPlatforms) = preSolution
		Debug|Any CPU = Debug|Any CPU
		Release|Any CPU = Release|Any CPU
		Development|Any CPU = Development|Any CPU
		Staging|Any CPU = Staging|Any CPU
	EndGlobalSection
	GlobalSection(ProjectConfigurationPlatforms) = postSolution
		{9833B5F9-3DA1-4463-B861-1D5D870041FF}.Debug|Any CPU.ActiveCfg = Debug|Any CPU
		{9833B5F9-3DA1-4463-B861-1D5D870041FF}.Debug|Any CPU.Build.0 = Debug|Any CPU
		{9833B5F9-3DA1-4463-B861-1D5D870041FF}.Debug|Any CPU.Deploy.0 = Debug|Any CPU
		{9833B5F9-3DA1-4463-B861-1D5D870041FF}.Release|Any CPU.ActiveCfg = Release|Any CPU
		{9833B5F9-3DA1-4463-B861-1D5D870041FF}.Release|Any CPU.Build.0 = Release|Any CPU
		{9833B5F9-3DA1-4463-B861-1D5D870041FF}.Release|Any CPU.Deploy.0 = Release|Any CPU
		{9833B5F9-3DA1-4463-B861-1D5D870041FF}.Development|Any CPU.ActiveCfg = Debug|Any CPU
		{9833B5F9-3DA1-4463-B861-1D5D870041FF}.Development|Any CPU.Build.0 = Debug|Any CPU
		{9833B5F9-3DA1-4463-B861-1D5D870041FF}.Staging|Any CPU.ActiveCfg = Debug|Any CPU
		{9833B5F9-3DA1-4463-B861-1D5D870041FF}.Staging|Any CPU.Build.0 = Debug|Any CPU
		{3C063895-77F6-44D1-945D-1FBA90B34D25}.Debug|Any CPU.ActiveCfg = Debug|Any CPU
		{3C063895-77F6-44D1-945D-1FBA90B34D25}.Debug|Any CPU.Build.0 = Debug|Any CPU
		{3C063895-77F6-44D1-945D-1FBA90B34D25}.Release|Any CPU.ActiveCfg = Release|Any CPU
		{3C063895-77F6-44D1-945D-1FBA90B34D25}.Release|Any CPU.Build.0 = Release|Any CPU
	EndGlobalSection
	GlobalSection(SolutionProperties) = preSolution
		HideSolutionNode = FALSE
	EndGlobalSection
	GlobalSection(ExtensibilityGlobals) = postSolution
		SolutionGuid = {61F7FB11-1E47-470C-91E2-47F8143E1572}
	EndGlobalSection
EndGlobal
