
Microsoft Visual Studio Solution File, Format Version 12.00
# Visual Studio Version 16
VisualStudioVersion = 25.0.1706.1
MinimumVisualStudioVersion = 10.0.40219.1
Project("{FAE04EC0-301F-11D3-BF4B-00C04F79EFBC}") = "MauiSampleApp", "MauiSampleApp.csproj", "{F1E1CA47-91C3-4411-B0A1-963E74348535}"
EndProject
Global
	GlobalSection(SolutionConfigurationPlatforms) = preSolution
		Debug|Any CPU = Debug|Any CPU
		Release|Any CPU = Release|Any CPU
	EndGlobalSection
	GlobalSection(ProjectConfigurationPlatforms) = postSolution
		{F1E1CA47-91C3-4411-B0A1-963E74348535}.Debug|Any CPU.ActiveCfg = Debug|Any CPU
		{F1E1CA47-91C3-4411-B0A1-963E74348535}.Debug|Any CPU.Build.0 = Debug|Any CPU
		{F1E1CA47-91C3-4411-B0A1-963E74348535}.Release|Any CPU.ActiveCfg = Release|Any CPU
		{F1E1CA47-91C3-4411-B0A1-963E74348535}.Release|Any CPU.Build.0 = Release|Any CPU
	EndGlobalSection
	GlobalSection(SolutionProperties) = preSolution
		HideSolutionNode = FALSE
	EndGlobalSection
	GlobalSection(ExtensibilityGlobals) = postSolution
		SolutionGuid = {B82D7284-3C41-4CCB-9B23-DD575C1C7136}
	EndGlobalSection
EndGlobal
