
Microsoft Visual Studio Solution File, Format Version 12.00
# Visual Studio Version 16
VisualStudioVersion = 25.0.1706.1
MinimumVisualStudioVersion = 10.0.40219.1
Project("{FAE04EC0-301F-11D3-BF4B-00C04F79EFBC}") = "SerielPKCERefreshTokenGrantTypeSample", "SerielPKCERefreshTokenGrantTypeSample.csproj", "{D6BFD758-37B6-477C-A7C7-C4655531CDCA}"
EndProject
Global
	GlobalSection(SolutionConfigurationPlatforms) = preSolution
		Debug|Any CPU = Debug|Any CPU
		Release|Any CPU = Release|Any CPU
	EndGlobalSection
	GlobalSection(ProjectConfigurationPlatforms) = postSolution
		{D6BFD758-37B6-477C-A7C7-C4655531CDCA}.Debug|Any CPU.ActiveCfg = Debug|Any CPU
		{D6BFD758-37B6-477C-A7C7-C4655531CDCA}.Debug|Any CPU.Build.0 = Debug|Any CPU
		{D6BFD758-37B6-477C-A7C7-C4655531CDCA}.Release|Any CPU.ActiveCfg = Release|Any CPU
		{D6BFD758-37B6-477C-A7C7-C4655531CDCA}.Release|Any CPU.Build.0 = Release|Any CPU
	EndGlobalSection
	GlobalSection(SolutionProperties) = preSolution
		HideSolutionNode = FALSE
	EndGlobalSection
	GlobalSection(ExtensibilityGlobals) = postSolution
		SolutionGuid = {0B1E666D-7186-457C-98EA-B97EC4C640BA}
	EndGlobalSection
EndGlobal
