
Microsoft Visual Studio Solution File, Format Version 12.00
# Visual Studio Version 16
VisualStudioVersion = 25.0.1706.1
MinimumVisualStudioVersion = 10.0.40219.1
Project("{FAE04EC0-301F-11D3-BF4B-00C04F79EFBC}") = "AuthorizationCodeGrantTypeSample", "AuthorizationCodeGrantTypeSample.csproj", "{41228C60-0D02-470D-BB73-86222FF946FE}"
EndProject
Global
	GlobalSection(SolutionConfigurationPlatforms) = preSolution
		Debug|Any CPU = Debug|Any CPU
		Release|Any CPU = Release|Any CPU
	EndGlobalSection
	GlobalSection(ProjectConfigurationPlatforms) = postSolution
		{41228C60-0D02-470D-BB73-86222FF946FE}.Debug|Any CPU.ActiveCfg = Debug|Any CPU
		{41228C60-0D02-470D-BB73-86222FF946FE}.Debug|Any CPU.Build.0 = Debug|Any CPU
		{41228C60-0D02-470D-BB73-86222FF946FE}.Release|Any CPU.ActiveCfg = Release|Any CPU
		{41228C60-0D02-470D-BB73-86222FF946FE}.Release|Any CPU.Build.0 = Release|Any CPU
	EndGlobalSection
	GlobalSection(SolutionProperties) = preSolution
		HideSolutionNode = FALSE
	EndGlobalSection
	GlobalSection(ExtensibilityGlobals) = postSolution
		SolutionGuid = {CC181574-D816-4AC5-8946-88005232D11E}
	EndGlobalSection
EndGlobal
