
Microsoft Visual Studio Solution File, Format Version 12.00
# Visual Studio Version 16
VisualStudioVersion = 25.0.1706.1
MinimumVisualStudioVersion = 10.0.40219.1
Project("{FAE04EC0-301F-11D3-BF4B-00C04F79EFBC}") = "ClientCredentialGrantTypeSample", "ClientCredentialGrantTypeSample.csproj", "{28F5F79B-CFB4-4D63-A434-B1CA32EC5ED3}"
EndProject
Global
	GlobalSection(SolutionConfigurationPlatforms) = preSolution
		Debug|Any CPU = Debug|Any CPU
		Release|Any CPU = Release|Any CPU
		Development|Any CPU = Development|Any CPU
		Staging|Any CPU = Staging|Any CPU
	EndGlobalSection
	GlobalSection(ProjectConfigurationPlatforms) = postSolution
		{28F5F79B-CFB4-4D63-A434-B1CA32EC5ED3}.Debug|Any CPU.ActiveCfg = Debug|Any CPU
		{28F5F79B-CFB4-4D63-A434-B1CA32EC5ED3}.Debug|Any CPU.Build.0 = Debug|Any CPU
		{28F5F79B-CFB4-4D63-A434-B1CA32EC5ED3}.Release|Any CPU.ActiveCfg = Release|Any CPU
		{28F5F79B-CFB4-4D63-A434-B1CA32EC5ED3}.Release|Any CPU.Build.0 = Release|Any CPU
		{28F5F79B-CFB4-4D63-A434-B1CA32EC5ED3}.Development|Any CPU.ActiveCfg = Debug|Any CPU
		{28F5F79B-CFB4-4D63-A434-B1CA32EC5ED3}.Development|Any CPU.Build.0 = Debug|Any CPU
		{28F5F79B-CFB4-4D63-A434-B1CA32EC5ED3}.Staging|Any CPU.ActiveCfg = Debug|Any CPU
		{28F5F79B-CFB4-4D63-A434-B1CA32EC5ED3}.Staging|Any CPU.Build.0 = Debug|Any CPU
		{D1293E61-883E-4926-B239-E1AA76BAC445}.Debug|Any CPU.ActiveCfg = Debug|Any CPU
		{D1293E61-883E-4926-B239-E1AA76BAC445}.Debug|Any CPU.Build.0 = Debug|Any CPU
		{D1293E61-883E-4926-B239-E1AA76BAC445}.Release|Any CPU.ActiveCfg = Release|Any CPU
		{D1293E61-883E-4926-B239-E1AA76BAC445}.Release|Any CPU.Build.0 = Release|Any CPU
		{D1293E61-883E-4926-B239-E1AA76BAC445}.Development|Any CPU.ActiveCfg = Development|Any CPU
		{D1293E61-883E-4926-B239-E1AA76BAC445}.Development|Any CPU.Build.0 = Development|Any CPU
		{D1293E61-883E-4926-B239-E1AA76BAC445}.Staging|Any CPU.ActiveCfg = Staging|Any CPU
		{D1293E61-883E-4926-B239-E1AA76BAC445}.Staging|Any CPU.Build.0 = Staging|Any CPU
	EndGlobalSection
	GlobalSection(SolutionProperties) = preSolution
		HideSolutionNode = FALSE
	EndGlobalSection
	GlobalSection(ExtensibilityGlobals) = postSolution
		SolutionGuid = {1AA56548-B8D0-477B-B82C-026FB5EA0B3F}
	EndGlobalSection
EndGlobal
